// !$*UTF8*$!
{
	archiveVersion = 1;
	classes = {
	};
	objectVersion = 50;
	objects = {

/* Begin PBXBuildFile section */
		F4F2B2CF237F2A1D00831649 /* AppDelegate.swift in Sources */ = {isa = PBXBuildFile; fileRef = F4F2B2CE237F2A1D00831649 /* AppDelegate.swift */; };
		F4F2B2D1237F2A1D00831649 /* SceneDelegate.swift in Sources */ = {isa = PBXBuildFile; fileRef = F4F2B2D0237F2A1D00831649 /* SceneDelegate.swift */; };
		F4F2B2D3237F2A1D00831649 /* ViewController.swift in Sources */ = {isa = PBXBuildFile; fileRef = F4F2B2D2237F2A1D00831649 /* ViewController.swift */; };
		F4F2B2D6237F2A1D00831649 /* Main.storyboard in Resources */ = {isa = PBXBuildFile; fileRef = F4F2B2D4237F2A1D00831649 /* Main.storyboard */; };
		F4F2B2D8237F2A2200831649 /* Assets.xcassets in Resources */ = {isa = PBXBuildFile; fileRef = F4F2B2D7237F2A2200831649 /* Assets.xcassets */; };
		F4F2B2DB237F2A2200831649 /* LaunchScreen.storyboard in Resources */ = {isa = PBXBuildFile; fileRef = F4F2B2D9237F2A2200831649 /* LaunchScreen.storyboard */; };
/* End PBXBuildFile section */

/* Begin PBXFileReference section */
		F4F2B2CB237F2A1D00831649 /* Tethr4.app */ = {isa = PBXFileReference; explicitFileType = wrapper.application; includeInIndex = 0; path = Tethr4.app; sourceTree = BUILT_PRODUCTS_DIR; };
		F4F2B2CE237F2A1D00831649 /* AppDelegate.swift */ = {isa = PBXFileReference; lastKnownFileType = sourcecode.swift; path = AppDelegate.swift; sourceTree = "<group>"; };
		F4F2B2D0237F2A1D00831649 /* SceneDelegate.swift */ = {isa = PBXFileReference; lastKnownFileType = sourcecode.swift; path = SceneDelegate.swift; sourceTree = "<group>"; };
		F4F2B2D2237F2A1D00831649 /* ViewController.swift */ = {isa = PBXFileReference; lastKnownFileType = sourcecode.swift; path = ViewController.swift; sourceTree = "<group>"; };
		F4F2B2D5237F2A1D00831649 /* Base */ = {isa = PBXFileReference; lastKnownFileType = file.storyboard; name = Base; path = Base.lproj/Main.storyboard; sourceTree = "<group>"; };
		F4F2B2D7237F2A2200831649 /* Assets.xcassets */ = {isa = PBXFileReference; lastKnownFileType = folder.assetcatalog; path = Assets.xcassets; sourceTree = "<group>"; };
		F4F2B2DA237F2A2200831649 /* Base */ = {isa = PBXFileReference; lastKnownFileType = file.storyboard; name = Base; path = Base.lproj/LaunchScreen.storyboard; sourceTree = "<group>"; };
		F4F2B2DC237F2A2200831649 /* Info.plist */ = {isa = PBXFileReference; lastKnownFileType = text.plist.xml; path = Info.plist; sourceTree = "<group>"; };
/* End PBXFileReference section */

/* Begin PBXFrameworksBuildPhase section */
		F4F2B2C8237F2A1D00831649 /* Frameworks */ = {
			isa = PBXFrameworksBuildPhase;
			buildActionMask = 2147483647;
			files = (
			);
			runOnlyForDeploymentPostprocessing = 0;
		};
/* End PBXFrameworksBuildPhase section */

/* Begin PBXGroup section */
		F4F2B2C2237F2A1D00831649 = {
			isa = PBXGroup;
			children = (
				F4F2B2CD237F2A1D00831649 /* Tethr4 */,
				F4F2B2CC237F2A1D00831649 /* Products */,
			);
			sourceTree = "<group>";
		};
		F4F2B2CC237F2A1D00831649 /* Products */ = {
			isa = PBXGroup;
			children = (
				F4F2B2CB237F2A1D00831649 /* Tethr4.app */,
			);
			name = Products;
			sourceTree = "<group>";
		};
		F4F2B2CD237F2A1D00831649 /* Tethr4 */ = {
			isa = PBXGroup;
			children = (
				F4F2B2CE237F2A1D00831649 /* AppDelegate.swift */,
				F4F2B2D0237F2A1D00831649 /* SceneDelegate.swift */,
				F4F2B2D2237F2A1D00831649 /* ViewController.swift */,
				F4F2B2D4237F2A1D00831649 /* Main.storyboard */,
				F4F2B2D7237F2A2200831649 /* Assets.xcassets */,
				F4F2B2D9237F2A2200831649 /* LaunchScreen.storyboard */,
				F4F2B2DC237F2A2200831649 /* Info.plist */,
			);
			path = Tethr4;
			sourceTree = "<group>";
		};
/* End PBXGroup section */

/* Begin PBXNativeTarget section */
		F4F2B2CA237F2A1D00831649 /* Tethr4 */ = {
			isa = PBXNativeTarget;
			buildConfigurationList = F4F2B2DF237F2A2200831649 /* Build configuration list for PBXNativeTarget "Tethr4" */;
			buildPhases = (
				F4F2B2C7237F2A1D00831649 /* Sources */,
				F4F2B2C8237F2A1D00831649 /* Frameworks */,
				F4F2B2C9237F2A1D00831649 /* Resources */,
			);
			buildRules = (
			);
			dependencies = (
			);
			name = Tethr4;
			productName = Tethr4;
			productReference = F4F2B2CB237F2A1D00831649 /* Tethr4.app */;
			productType = "com.apple.product-type.application";
		};
/* End PBXNativeTarget section */

/* Begin PBXProject section */
		F4F2B2C3237F2A1D00831649 /* Project object */ = {
			isa = PBXProject;
			attributes = {
				LastSwiftUpdateCheck = 1120;
				LastUpgradeCheck = 1120;
				ORGANIZATIONNAME = "Teresa Tran";
				TargetAttributes = {
					F4F2B2CA237F2A1D00831649 = {
						CreatedOnToolsVersion = 11.2;
					};
				};
			};
			buildConfigurationList = F4F2B2C6237F2A1D00831649 /* Build configuration list for PBXProject "Tethr4" */;
			compatibilityVersion = "Xcode 9.3";
			developmentRegion = en;
			hasScannedForEncodings = 0;
			knownRegions = (
				en,
				Base,
			);
			mainGroup = F4F2B2C2237F2A1D00831649;
			productRefGroup = F4F2B2CC237F2A1D00831649 /* Products */;
			projectDirPath = "";
			projectRoot = "";
			targets = (
				F4F2B2CA237F2A1D00831649 /* Tethr4 */,
			);
		};
/* End PBXProject section */

/* Begin PBXResourcesBuildPhase section */
		F4F2B2C9237F2A1D00831649 /* Resources */ = {
			isa = PBXResourcesBuildPhase;
			buildActionMask = 2147483647;
			files = (
				F4F2B2DB237F2A2200831649 /* LaunchScreen.storyboard in Resources */,
				F4F2B2D8237F2A2200831649 /* Assets.xcassets in Resources */,
				F4F2B2D6237F2A1D00831649 /* Main.storyboard in Resources */,
			);
			runOnlyForDeploymentPostprocessing = 0;
		};
/* End PBXResourcesBuildPhase section */

/* Begin PBXSourcesBuildPhase section */
		F4F2B2C7237F2A1D00831649 /* Sources */ = {
			isa = PBXSourcesBuildPhase;
			buildActionMask = 2147483647;
			files = (
				F4F2B2D3237F2A1D00831649 /* ViewController.swift in Sources */,
				F4F2B2CF237F2A1D00831649 /* AppDelegate.swift in Sources */,
				F4F2B2D1237F2A1D00831649 /* SceneDelegate.swift in Sources */,
			);
			runOnlyForDeploymentPostprocessing = 0;
		};
/* End PBXSourcesBuildPhase section */

/* Begin PBXVariantGroup section */
		F4F2B2D4237F2A1D00831649 /* Main.storyboard */ = {
			isa = PBXVariantGroup;
			children = (
				F4F2B2D5237F2A1D00831649 /* Base */,
			);
			name = Main.storyboard;
			sourceTree = "<group>";
		};
		F4F2B2D9237F2A2200831649 /* LaunchScreen.storyboard */ = {
			isa = PBXVariantGroup;
			children = (
				F4F2B2DA237F2A2200831649 /* Base */,
			);
			name = LaunchScreen.storyboard;
			sourceTree = "<group>";
		};
/* End PBXVariantGroup section */

/* Begin XCBuildConfiguration section */
		F4F2B2DD237F2A2200831649 /* Debug */ = {
			isa = XCBuildConfiguration;
			buildSettings = {
				ALWAYS_SEARCH_USER_PATHS = NO;
				CLANG_ANALYZER_NONNULL = YES;
				CLANG_ANALYZER_NUMBER_OBJECT_CONVERSION = YES_AGGRESSIVE;
				CLANG_CXX_LANGUAGE_STANDARD = "gnu++14";
				CLANG_CXX_LIBRARY = "libc++";
				CLANG_ENABLE_MODULES = YES;
				CLANG_ENABLE_OBJC_ARC = YES;
				CLANG_ENABLE_OBJC_WEAK = YES;
				CLANG_WARN_BLOCK_CAPTURE_AUTORELEASING = YES;
				CLANG_WARN_BOOL_CONVERSION = YES;
				CLANG_WARN_COMMA = YES;
				CLANG_WARN_CONSTANT_CONVERSION = YES;
				CLANG_WARN_DEPRECATED_OBJC_IMPLEMENTATIONS = YES;
				CLANG_WARN_DIRECT_OBJC_ISA_USAGE = YES_ERROR;
				CLANG_WARN_DOCUMENTATION_COMMENTS = YES;
				CLANG_WARN_EMPTY_BODY = YES;
				CLANG_WARN_ENUM_CONVERSION = YES;
				CLANG_WARN_INFINITE_RECURSION = YES;
				CLANG_WARN_INT_CONVERSION = YES;
				CLANG_WARN_NON_LITERAL_NULL_CONVERSION = YES;
				CLANG_WARN_OBJC_IMPLICIT_RETAIN_SELF = YES;
				CLANG_WARN_OBJC_LITERAL_CONVERSION = YES;
				CLANG_WARN_OBJC_ROOT_CLASS = YES_ERROR;
				CLANG_WARN_RANGE_LOOP_ANALYSIS = YES;
				CLANG_WARN_STRICT_PROTOTYPES = YES;
				CLANG_WARN_SUSPICIOUS_MOVE = YES;
				CLANG_WARN_UNGUARDED_AVAILABILITY = YES_AGGRESSIVE;
				CLANG_WARN_UNREACHABLE_CODE = YES;
				CLANG_WARN__DUPLICATE_METHOD_MATCH = YES;
				COPY_PHASE_STRIP = NO;
				DEBUG_INFORMATION_FORMAT = dwarf;
				ENABLE_STRICT_OBJC_MSGSEND = YES;
				ENABLE_TESTABILITY = YES;
				GCC_C_LANGUAGE_STANDARD = gnu11;
				GCC_DYNAMIC_NO_PIC = NO;
				GCC_NO_COMMON_BLOCKS = YES;
				GCC_OPTIMIZATION_LEVEL = 0;
				GCC_PREPROCESSOR_DEFINITIONS = (
					"DEBUG=1",
					"$(inherited)",
				);
				GCC_WARN_64_TO_32_BIT_CONVERSION = YES;
				GCC_WARN_ABOUT_RETURN_TYPE = YES_ERROR;
				GCC_WARN_UNDECLARED_SELECTOR = YES;
				GCC_WARN_UNINITIALIZED_AUTOS = YES_AGGRESSIVE;
				GCC_WARN_UNUSED_FUNCTION = YES;
				GCC_WARN_UNUSED_VARIABLE = YES;
				IPHONEOS_DEPLOYMENT_TARGET = 13.2;
				MTL_ENABLE_DEBUG_INFO = INCLUDE_SOURCE;
				MTL_FAST_MATH = YES;
				ONLY_ACTIVE_ARCH = YES;
				SDKROOT = iphoneos;
				SWIFT_ACTIVE_COMPILATION_CONDITIONS = DEBUG;
				SWIFT_OPTIMIZATION_LEVEL = "-Onone";
			};
			name = Debug;
		};
		F4F2B2DE237F2A2200831649 /* Release */ = {
			isa = XCBuildConfiguration;
			buildSettings = {
				ALWAYS_SEARCH_USER_PATHS = NO;
				CLANG_ANALYZER_NONNULL = YES;
				CLANG_ANALYZER_NUMBER_OBJECT_CONVERSION = YES_AGGRESSIVE;
				CLANG_CXX_LANGUAGE_STANDARD = "gnu++14";
				CLANG_CXX_LIBRARY = "libc++";
				CLANG_ENABLE_MODULES = YES;
				CLANG_ENABLE_OBJC_ARC = YES;
				CLANG_ENABLE_OBJC_WEAK = YES;
				CLANG_WARN_BLOCK_CAPTURE_AUTORELEASING = YES;
				CLANG_WARN_BOOL_CONVERSION = YES;
				CLANG_WARN_COMMA = YES;
				CLANG_WARN_CONSTANT_CONVERSION = YES;
				CLANG_WARN_DEPRECATED_OBJC_IMPLEMENTATIONS = YES;
				CLANG_WARN_DIRECT_OBJC_ISA_USAGE = YES_ERROR;
				CLANG_WARN_DOCUMENTATION_COMMENTS = YES;
				CLANG_WARN_EMPTY_BODY = YES;
				CLANG_WARN_ENUM_CONVERSION = YES;
				CLANG_WARN_INFINITE_RECURSION = YES;
				CLANG_WARN_INT_CONVERSION = YES;
				CLANG_WARN_NON_LITERAL_NULL_CONVERSION = YES;
				CLANG_WARN_OBJC_IMPLICIT_RETAIN_SELF = YES;
				CLANG_WARN_OBJC_LITERAL_CONVERSION = YES;
				CLANG_WARN_OBJC_ROOT_CLASS = YES_ERROR;
				CLANG_WARN_RANGE_LOOP_ANALYSIS = YES;
				CLANG_WARN_STRICT_PROTOTYPES = YES;
				CLANG_WARN_SUSPICIOUS_MOVE = YES;
				CLANG_WARN_UNGUARDED_AVAILABILITY = YES_AGGRESSIVE;
				CLANG_WARN_UNREACHABLE_CODE = YES;
				CLANG_WARN__DUPLICATE_METHOD_MATCH = YES;
				COPY_PHASE_STRIP = NO;
				DEBUG_INFORMATION_FORMAT = "dwarf-with-dsym";
				ENABLE_NS_ASSERTIONS = NO;
				ENABLE_STRICT_OBJC_MSGSEND = YES;
				GCC_C_LANGUAGE_STANDARD = gnu11;
				GCC_NO_COMMON_BLOCKS = YES;
				GCC_WARN_64_TO_32_BIT_CONVERSION = YES;
				GCC_WARN_ABOUT_RETURN_TYPE = YES_ERROR;
				GCC_WARN_UNDECLARED_SELECTOR = YES;
				GCC_WARN_UNINITIALIZED_AUTOS = YES_AGGRESSIVE;
				GCC_WARN_UNUSED_FUNCTION = YES;
				GCC_WARN_UNUSED_VARIABLE = YES;
				IPHONEOS_DEPLOYMENT_TARGET = 13.2;
				MTL_ENABLE_DEBUG_INFO = NO;
				MTL_FAST_MATH = YES;
				SDKROOT = iphoneos;
				SWIFT_COMPILATION_MODE = wholemodule;
				SWIFT_OPTIMIZATION_LEVEL = "-O";
				VALIDATE_PRODUCT = YES;
			};
			name = Release;
		};
		F4F2B2E0237F2A2200831649 /* Debug */ = {
			isa = XCBuildConfiguration;
			buildSettings = {
				ASSETCATALOG_COMPILER_APPICON_NAME = AppIcon;
				CODE_SIGN_STYLE = Automatic;
				DEVELOPMENT_TEAM = 5U22JX89C4;
				INFOPLIST_FILE = Tethr4/Info.plist;
				IPHONEOS_DEPLOYMENT_TARGET = 13.0;
				LD_RUNPATH_SEARCH_PATHS = (
					"$(inherited)",
					"@executable_path/Frameworks",
				);
				PRODUCT_BUNDLE_IDENTIFIER = lavalab.Tethr4;
				PRODUCT_NAME = "$(TARGET_NAME)";
				SWIFT_VERSION = 5.0;
				TARGETED_DEVICE_FAMILY = "1,2";
			};
			name = Debug;
		};
		F4F2B2E1237F2A2200831649 /* Release */ = {
			isa = XCBuildConfiguration;
			buildSettings = {
				ASSETCATALOG_COMPILER_APPICON_NAME = AppIcon;
				CODE_SIGN_STYLE = Automatic;
				DEVELOPMENT_TEAM = 5U22JX89C4;
				INFOPLIST_FILE = Tethr4/Info.plist;
				IPHONEOS_DEPLOYMENT_TARGET = 13.0;
				LD_RUNPATH_SEARCH_PATHS = (
					"$(inherited)",
					"@executable_path/Frameworks",
				);
				PRODUCT_BUNDLE_IDENTIFIER = lavalab.Tethr4;
				PRODUCT_NAME = "$(TARGET_NAME)";
				SWIFT_VERSION = 5.0;
				TARGETED_DEVICE_FAMILY = "1,2";
			};
			name = Release;
		};
/* End XCBuildConfiguration section */

/* Begin XCConfigurationList section */
		F4F2B2C6237F2A1D00831649 /* Build configuration list for PBXProject "Tethr4" */ = {
			isa = XCConfigurationList;
			buildConfigurations = (
				F4F2B2DD237F2A2200831649 /* Debug */,
				F4F2B2DE237F2A2200831649 /* Release */,
			);
			defaultConfigurationIsVisible = 0;
			defaultConfigurationName = Release;
		};
		F4F2B2DF237F2A2200831649 /* Build configuration list for PBXNativeTarget "Tethr4" */ = {
			isa = XCConfigurationList;
			buildConfigurations = (
				F4F2B2E0237F2A2200831649 /* Debug */,
				F4F2B2E1237F2A2200831649 /* Release */,
			);
			defaultConfigurationIsVisible = 0;
			defaultConfigurationName = Release;
		};
/* End XCConfigurationList section */
	};
	rootObject = F4F2B2C3237F2A1D00831649 /* Project object */;
}
